github.com/h6ok/response v0.0.5 h1:8ofIeDZj66z/qF7NuX/LNdIjJ1ygWcIeT0jcJRFHV4I=
github.com/h6ok/response v0.0.5/go.mod h1:0zjymUOGNbzyxDx0XdkNaGHPwR+GIUWbSCtXrTQtRmE=
github.com/hiroaki-th/response v0.0.4 h1:WYfHl8Aj9Y/NekEXQDCIh94C1IQX/5ePphkndkZ0KrI=
github.com/hiroaki-th/response v0.0.4/go.mod h1:+S+gnSoRaJTpp6/WtomDsVAPGOGuWY80ADbt2kC8jLI=
